
Microsoft Visual Studio Solution File, Format Version 12.00
# Visual Studio Version 17
VisualStudioVersion = 17.2.32616.157
MinimumVisualStudioVersion = 10.0.40219.1
Project("{9A19103F-16F7-4668-BE54-9A1E7A4F7556}") = "Associative Arrays - Lab", "Associative Arrays - Lab\Associative Arrays - Lab.csproj", "{5C345CA3-6CBB-4361-AE2F-3B02EE020EFF}"
EndProject
Project("{FAE04EC0-301F-11D3-BF4B-00C04F79EFBC}") = "01. Count Real Numbers", "01. Count Real Numbers\01. Count Real Numbers.csproj", "{05B8D50F-65D6-45BB-AF18-245B693ECDA6}"
EndProject
Project("{FAE04EC0-301F-11D3-BF4B-00C04F79EFBC}") = "02. Odd Occurrences", "02. Odd Occurrences\02. Odd Occurrences.csproj", "{0DADA042-D840-4CAA-B5BB-7997FF317F59}"
EndProject
Project("{FAE04EC0-301F-11D3-BF4B-00C04F79EFBC}") = "03. Word Synonyms", "03. Word Synonyms\03. Word Synonyms.csproj", "{1A1FB3E0-ECA8-41AC-91E1-A8F63CA1895A}"
EndProject
Project("{FAE04EC0-301F-11D3-BF4B-00C04F79EFBC}") = "04. Word Filter", "04. Word Filter\04. Word Filter.csproj", "{5F039154-A386-4FFA-890F-40C6CD809F57}"
EndProject
Global
	GlobalSection(SolutionConfigurationPlatforms) = preSolution
		Debug|Any CPU = Debug|Any CPU
		Release|Any CPU = Release|Any CPU
	EndGlobalSection
	GlobalSection(ProjectConfigurationPlatforms) = postSolution
		{5C345CA3-6CBB-4361-AE2F-3B02EE020EFF}.Debug|Any CPU.ActiveCfg = Debug|Any CPU
		{5C345CA3-6CBB-4361-AE2F-3B02EE020EFF}.Debug|Any CPU.Build.0 = Debug|Any CPU
		{5C345CA3-6CBB-4361-AE2F-3B02EE020EFF}.Release|Any CPU.ActiveCfg = Release|Any CPU
		{5C345CA3-6CBB-4361-AE2F-3B02EE020EFF}.Release|Any CPU.Build.0 = Release|Any CPU
		{05B8D50F-65D6-45BB-AF18-245B693ECDA6}.Debug|Any CPU.ActiveCfg = Debug|Any CPU
		{05B8D50F-65D6-45BB-AF18-245B693ECDA6}.Debug|Any CPU.Build.0 = Debug|Any CPU
		{05B8D50F-65D6-45BB-AF18-245B693ECDA6}.Release|Any CPU.ActiveCfg = Release|Any CPU
		{05B8D50F-65D6-45BB-AF18-245B693ECDA6}.Release|Any CPU.Build.0 = Release|Any CPU
		{0DADA042-D840-4CAA-B5BB-7997FF317F59}.Debug|Any CPU.ActiveCfg = Debug|Any CPU
		{0DADA042-D840-4CAA-B5BB-7997FF317F59}.Debug|Any CPU.Build.0 = Debug|Any CPU
		{0DADA042-D840-4CAA-B5BB-7997FF317F59}.Release|Any CPU.ActiveCfg = Release|Any CPU
		{0DADA042-D840-4CAA-B5BB-7997FF317F59}.Release|Any CPU.Build.0 = Release|Any CPU
		{1A1FB3E0-ECA8-41AC-91E1-A8F63CA1895A}.Debug|Any CPU.ActiveCfg = Debug|Any CPU
		{1A1FB3E0-ECA8-41AC-91E1-A8F63CA1895A}.Debug|Any CPU.Build.0 = Debug|Any CPU
		{1A1FB3E0-ECA8-41AC-91E1-A8F63CA1895A}.Release|Any CPU.ActiveCfg = Release|Any CPU
		{1A1FB3E0-ECA8-41AC-91E1-A8F63CA1895A}.Release|Any CPU.Build.0 = Release|Any CPU
		{5F039154-A386-4FFA-890F-40C6CD809F57}.Debug|Any CPU.ActiveCfg = Debug|Any CPU
		{5F039154-A386-4FFA-890F-40C6CD809F57}.Debug|Any CPU.Build.0 = Debug|Any CPU
		{5F039154-A386-4FFA-890F-40C6CD809F57}.Release|Any CPU.ActiveCfg = Release|Any CPU
		{5F039154-A386-4FFA-890F-40C6CD809F57}.Release|Any CPU.Build.0 = Release|Any CPU
	EndGlobalSection
	GlobalSection(SolutionProperties) = preSolution
		HideSolutionNode = FALSE
	EndGlobalSection
	GlobalSection(ExtensibilityGlobals) = postSolution
		SolutionGuid = {08DB8F8A-E8C6-4FEA-B2FF-16DCE589230F}
	EndGlobalSection
EndGlobal
